// !$*UTF8*$!
{
	archiveVersion = 1;
	classes = {
	};
	objectVersion = 46;
	objects = {

/* Begin PBXBuildFile section */
		695AAC601A8A07E300B1D4D8 /* main.m in Sources */ = {isa = PBXBuildFile; fileRef = 695AAC5F1A8A07E300B1D4D8 /* main.m */; };
		695AAC631A8A07E300B1D4D8 /* AppDelegate.m in Sources */ = {isa = PBXBuildFile; fileRef = 695AAC621A8A07E300B1D4D8 /* AppDelegate.m */; };
		695AAC661A8A07E300B1D4D8 /* ViewController.m in Sources */ = {isa = PBXBuildFile; fileRef = 695AAC651A8A07E300B1D4D8 /* ViewController.m */; };
		695AAC691A8A07E300B1D4D8 /* Main.storyboard in Resources */ = {isa = PBXBuildFile; fileRef = 695AAC671A8A07E300B1D4D8 /* Main.storyboard */; };
		695AAC6B1A8A07E300B1D4D8 /* Images.xcassets in Resources */ = {isa = PBXBuildFile; fileRef = 695AAC6A1A8A07E300B1D4D8 /* Images.xcassets */; };
		695AAC6E1A8A07E300B1D4D8 /* LaunchScreen.xib in Resources */ = {isa = PBXBuildFile; fileRef = 695AAC6C1A8A07E300B1D4D8 /* LaunchScreen.xib */; };
		695AAC7A1A8A07E300B1D4D8 /* AIMSTARTests.m in Sources */ = {isa = PBXBuildFile; fileRef = 695AAC791A8A07E300B1D4D8 /* AIMSTARTests.m */; };
		695AAC871A8A080100B1D4D8 /* SWRevealViewController.m in Sources */ = {isa = PBXBuildFile; fileRef = 695AAC861A8A080100B1D4D8 /* SWRevealViewController.m */; };
		695AAC8A1A8A091900B1D4D8 /* LoginViewController.m in Sources */ = {isa = PBXBuildFile; fileRef = 695AAC891A8A091900B1D4D8 /* LoginViewController.m */; };
		695AAC8D1A8A092800B1D4D8 /* ServicePolicyViewController.m in Sources */ = {isa = PBXBuildFile; fileRef = 695AAC8C1A8A092800B1D4D8 /* ServicePolicyViewController.m */; };
		695AAC901A8A093100B1D4D8 /* CatagoryViewController.m in Sources */ = {isa = PBXBuildFile; fileRef = 695AAC8F1A8A093100B1D4D8 /* CatagoryViewController.m */; };
		695AAC931A8A099D00B1D4D8 /* MenuTableViewController.m in Sources */ = {isa = PBXBuildFile; fileRef = 695AAC921A8A099D00B1D4D8 /* MenuTableViewController.m */; };
/* End PBXBuildFile section */

/* Begin PBXContainerItemProxy section */
		695AAC741A8A07E300B1D4D8 /* PBXContainerItemProxy */ = {
			isa = PBXContainerItemProxy;
			containerPortal = 695AAC521A8A07E300B1D4D8 /* Project object */;
			proxyType = 1;
			remoteGlobalIDString = 695AAC591A8A07E300B1D4D8;
			remoteInfo = AIMSTAR;
		};
/* End PBXContainerItemProxy section */

/* Begin PBXFileReference section */
		695AAC5A1A8A07E300B1D4D8 /* AIMSTAR.app */ = {isa = PBXFileReference; explicitFileType = wrapper.application; includeInIndex = 0; path = AIMSTAR.app; sourceTree = BUILT_PRODUCTS_DIR; };
		695AAC5E1A8A07E300B1D4D8 /* Info.plist */ = {isa = PBXFileReference; lastKnownFileType = text.plist.xml; path = Info.plist; sourceTree = "<group>"; };
		695AAC5F1A8A07E300B1D4D8 /* main.m */ = {isa = PBXFileReference; lastKnownFileType = sourcecode.c.objc; path = main.m; sourceTree = "<group>"; };
		695AAC611A8A07E300B1D4D8 /* AppDelegate.h */ = {isa = PBXFileReference; lastKnownFileType = sourcecode.c.h; path = AppDelegate.h; sourceTree = "<group>"; };
		695AAC621A8A07E300B1D4D8 /* AppDelegate.m */ = {isa = PBXFileReference; lastKnownFileType = sourcecode.c.objc; path = AppDelegate.m; sourceTree = "<group>"; };
		695AAC641A8A07E300B1D4D8 /* ViewController.h */ = {isa = PBXFileReference; lastKnownFileType = sourcecode.c.h; path = ViewController.h; sourceTree = "<group>"; };
		695AAC651A8A07E300B1D4D8 /* ViewController.m */ = {isa = PBXFileReference; lastKnownFileType = sourcecode.c.objc; path = ViewController.m; sourceTree = "<group>"; };
		695AAC681A8A07E300B1D4D8 /* Base */ = {isa = PBXFileReference; lastKnownFileType = file.storyboard; name = Base; path = Base.lproj/Main.storyboard; sourceTree = "<group>"; };
		695AAC6A1A8A07E300B1D4D8 /* Images.xcassets */ = {isa = PBXFileReference; lastKnownFileType = folder.assetcatalog; path = Images.xcassets; sourceTree = "<group>"; };
		695AAC6D1A8A07E300B1D4D8 /* Base */ = {isa = PBXFileReference; lastKnownFileType = file.xib; name = Base; path = Base.lproj/LaunchScreen.xib; sourceTree = "<group>"; };
		695AAC731A8A07E300B1D4D8 /* AIMSTARTests.xctest */ = {isa = PBXFileReference; explicitFileType = wrapper.cfbundle; includeInIndex = 0; path = AIMSTARTests.xctest; sourceTree = BUILT_PRODUCTS_DIR; };
		695AAC781A8A07E300B1D4D8 /* Info.plist */ = {isa = PBXFileReference; lastKnownFileType = text.plist.xml; path = Info.plist; sourceTree = "<group>"; };
		695AAC791A8A07E300B1D4D8 /* AIMSTARTests.m */ = {isa = PBXFileReference; lastKnownFileType = sourcecode.c.objc; path = AIMSTARTests.m; sourceTree = "<group>"; };
		695AAC851A8A080100B1D4D8 /* SWRevealViewController.h */ = {isa = PBXFileReference; fileEncoding = 4; lastKnownFileType = sourcecode.c.h; path = SWRevealViewController.h; sourceTree = "<group>"; };
		695AAC861A8A080100B1D4D8 /* SWRevealViewController.m */ = {isa = PBXFileReference; fileEncoding = 4; lastKnownFileType = sourcecode.c.objc; path = SWRevealViewController.m; sourceTree = "<group>"; };
		695AAC881A8A091900B1D4D8 /* LoginViewController.h */ = {isa = PBXFileReference; fileEncoding = 4; lastKnownFileType = sourcecode.c.h; path = LoginViewController.h; sourceTree = "<group>"; };
		695AAC891A8A091900B1D4D8 /* LoginViewController.m */ = {isa = PBXFileReference; fileEncoding = 4; lastKnownFileType = sourcecode.c.objc; path = LoginViewController.m; sourceTree = "<group>"; };
		695AAC8B1A8A092800B1D4D8 /* ServicePolicyViewController.h */ = {isa = PBXFileReference; fileEncoding = 4; lastKnownFileType = sourcecode.c.h; path = ServicePolicyViewController.h; sourceTree = "<group>"; };
		695AAC8C1A8A092800B1D4D8 /* ServicePolicyViewController.m */ = {isa = PBXFileReference; fileEncoding = 4; lastKnownFileType = sourcecode.c.objc; path = ServicePolicyViewController.m; sourceTree = "<group>"; };
		695AAC8E1A8A093100B1D4D8 /* CatagoryViewController.h */ = {isa = PBXFileReference; fileEncoding = 4; lastKnownFileType = sourcecode.c.h; path = CatagoryViewController.h; sourceTree = "<group>"; };
		695AAC8F1A8A093100B1D4D8 /* CatagoryViewController.m */ = {isa = PBXFileReference; fileEncoding = 4; lastKnownFileType = sourcecode.c.objc; path = CatagoryViewController.m; sourceTree = "<group>"; };
		695AAC911A8A099D00B1D4D8 /* MenuTableViewController.h */ = {isa = PBXFileReference; fileEncoding = 4; lastKnownFileType = sourcecode.c.h; path = MenuTableViewController.h; sourceTree = "<group>"; };
		695AAC921A8A099D00B1D4D8 /* MenuTableViewController.m */ = {isa = PBXFileReference; fileEncoding = 4; lastKnownFileType = sourcecode.c.objc; path = MenuTableViewController.m; sourceTree = "<group>"; };
/* End PBXFileReference section */

/* Begin PBXFrameworksBuildPhase section */
		695AAC571A8A07E300B1D4D8 /* Frameworks */ = {
			isa = PBXFrameworksBuildPhase;
			buildActionMask = 2147483647;
			files = (
			);
			runOnlyForDeploymentPostprocessing = 0;
		};
		695AAC701A8A07E300B1D4D8 /* Frameworks */ = {
			isa = PBXFrameworksBuildPhase;
			buildActionMask = 2147483647;
			files = (
			);
			runOnlyForDeploymentPostprocessing = 0;
		};
/* End PBXFrameworksBuildPhase section */

/* Begin PBXGroup section */
		695AAC511A8A07E300B1D4D8 = {
			isa = PBXGroup;
			children = (
				695AAC5C1A8A07E300B1D4D8 /* AIMSTAR */,
				695AAC761A8A07E300B1D4D8 /* AIMSTARTests */,
				695AAC5B1A8A07E300B1D4D8 /* Products */,
			);
			sourceTree = "<group>";
		};
		695AAC5B1A8A07E300B1D4D8 /* Products */ = {
			isa = PBXGroup;
			children = (
				695AAC5A1A8A07E300B1D4D8 /* AIMSTAR.app */,
				695AAC731A8A07E300B1D4D8 /* AIMSTARTests.xctest */,
			);
			name = Products;
			sourceTree = "<group>";
		};
		695AAC5C1A8A07E300B1D4D8 /* AIMSTAR */ = {
			isa = PBXGroup;
			children = (
				695AAC611A8A07E300B1D4D8 /* AppDelegate.h */,
				695AAC621A8A07E300B1D4D8 /* AppDelegate.m */,
				695AAC641A8A07E300B1D4D8 /* ViewController.h */,
				695AAC651A8A07E300B1D4D8 /* ViewController.m */,
				695AAC671A8A07E300B1D4D8 /* Main.storyboard */,
				695AAC911A8A099D00B1D4D8 /* MenuTableViewController.h */,
				695AAC921A8A099D00B1D4D8 /* MenuTableViewController.m */,
				695AAC881A8A091900B1D4D8 /* LoginViewController.h */,
				695AAC891A8A091900B1D4D8 /* LoginViewController.m */,
				695AAC8B1A8A092800B1D4D8 /* ServicePolicyViewController.h */,
				695AAC8C1A8A092800B1D4D8 /* ServicePolicyViewController.m */,
				695AAC8E1A8A093100B1D4D8 /* CatagoryViewController.h */,
				695AAC8F1A8A093100B1D4D8 /* CatagoryViewController.m */,
				695AAC6A1A8A07E300B1D4D8 /* Images.xcassets */,
				695AAC831A8A07E900B1D4D8 /* third party */,
				695AAC6C1A8A07E300B1D4D8 /* LaunchScreen.xib */,
				695AAC5D1A8A07E300B1D4D8 /* Supporting Files */,
			);
			path = AIMSTAR;
			sourceTree = "<group>";
		};
		695AAC5D1A8A07E300B1D4D8 /* Supporting Files */ = {
			isa = PBXGroup;
			children = (
				695AAC5E1A8A07E300B1D4D8 /* Info.plist */,
				695AAC5F1A8A07E300B1D4D8 /* main.m */,
			);
			name = "Supporting Files";
			sourceTree = "<group>";
		};
		695AAC761A8A07E300B1D4D8 /* AIMSTARTests */ = {
			isa = PBXGroup;
			children = (
				695AAC791A8A07E300B1D4D8 /* AIMSTARTests.m */,
				695AAC771A8A07E300B1D4D8 /* Supporting Files */,
			);
			path = AIMSTARTests;
			sourceTree = "<group>";
		};
		695AAC771A8A07E300B1D4D8 /* Supporting Files */ = {
			isa = PBXGroup;
			children = (
				695AAC781A8A07E300B1D4D8 /* Info.plist */,
			);
			name = "Supporting Files";
			sourceTree = "<group>";
		};
		695AAC831A8A07E900B1D4D8 /* third party */ = {
			isa = PBXGroup;
			children = (
				695AAC841A8A080100B1D4D8 /* SWRevealViewController */,
			);
			name = "third party";
			sourceTree = "<group>";
		};
		695AAC841A8A080100B1D4D8 /* SWRevealViewController */ = {
			isa = PBXGroup;
			children = (
				695AAC851A8A080100B1D4D8 /* SWRevealViewController.h */,
				695AAC861A8A080100B1D4D8 /* SWRevealViewController.m */,
			);
			path = SWRevealViewController;
			sourceTree = "<group>";
		};
/* End PBXGroup section */

/* Begin PBXNativeTarget section */
		695AAC591A8A07E300B1D4D8 /* AIMSTAR */ = {
			isa = PBXNativeTarget;
			buildConfigurationList = 695AAC7D1A8A07E300B1D4D8 /* Build configuration list for PBXNativeTarget "AIMSTAR" */;
			buildPhases = (
				695AAC561A8A07E300B1D4D8 /* Sources */,
				695AAC571A8A07E300B1D4D8 /* Frameworks */,
				695AAC581A8A07E300B1D4D8 /* Resources */,
			);
			buildRules = (
			);
			dependencies = (
			);
			name = AIMSTAR;
			productName = AIMSTAR;
			productReference = 695AAC5A1A8A07E300B1D4D8 /* AIMSTAR.app */;
			productType = "com.apple.product-type.application";
		};
		695AAC721A8A07E300B1D4D8 /* AIMSTARTests */ = {
			isa = PBXNativeTarget;
			buildConfigurationList = 695AAC801A8A07E300B1D4D8 /* Build configuration list for PBXNativeTarget "AIMSTARTests" */;
			buildPhases = (
				695AAC6F1A8A07E300B1D4D8 /* Sources */,
				695AAC701A8A07E300B1D4D8 /* Frameworks */,
				695AAC711A8A07E300B1D4D8 /* Resources */,
			);
			buildRules = (
			);
			dependencies = (
				695AAC751A8A07E300B1D4D8 /* PBXTargetDependency */,
			);
			name = AIMSTARTests;
			productName = AIMSTARTests;
			productReference = 695AAC731A8A07E300B1D4D8 /* AIMSTARTests.xctest */;
			productType = "com.apple.product-type.bundle.unit-test";
		};
/* End PBXNativeTarget section */

/* Begin PBXProject section */
		695AAC521A8A07E300B1D4D8 /* Project object */ = {
			isa = PBXProject;
			attributes = {
				LastUpgradeCheck = 0610;
				ORGANIZATIONNAME = Rnut;
				TargetAttributes = {
					695AAC591A8A07E300B1D4D8 = {
						CreatedOnToolsVersion = 6.1.1;
					};
					695AAC721A8A07E300B1D4D8 = {
						CreatedOnToolsVersion = 6.1.1;
						TestTargetID = 695AAC591A8A07E300B1D4D8;
					};
				};
			};
			buildConfigurationList = 695AAC551A8A07E300B1D4D8 /* Build configuration list for PBXProject "AIMSTAR" */;
			compatibilityVersion = "Xcode 3.2";
			developmentRegion = English;
			hasScannedForEncodings = 0;
			knownRegions = (
				en,
				Base,
			);
			mainGroup = 695AAC511A8A07E300B1D4D8;
			productRefGroup = 695AAC5B1A8A07E300B1D4D8 /* Products */;
			projectDirPath = "";
			projectRoot = "";
			targets = (
				695AAC591A8A07E300B1D4D8 /* AIMSTAR */,
				695AAC721A8A07E300B1D4D8 /* AIMSTARTests */,
			);
		};
/* End PBXProject section */

/* Begin PBXResourcesBuildPhase section */
		695AAC581A8A07E300B1D4D8 /* Resources */ = {
			isa = PBXResourcesBuildPhase;
			buildActionMask = 2147483647;
			files = (
				695AAC691A8A07E300B1D4D8 /* Main.storyboard in Resources */,
				695AAC6E1A8A07E300B1D4D8 /* LaunchScreen.xib in Resources */,
				695AAC6B1A8A07E300B1D4D8 /* Images.xcassets in Resources */,
			);
			runOnlyForDeploymentPostprocessing = 0;
		};
		695AAC711A8A07E300B1D4D8 /* Resources */ = {
			isa = PBXResourcesBuildPhase;
			buildActionMask = 2147483647;
			files = (
			);
			runOnlyForDeploymentPostprocessing = 0;
		};
/* End PBXResourcesBuildPhase section */

/* Begin PBXSourcesBuildPhase section */
		695AAC561A8A07E300B1D4D8 /* Sources */ = {
			isa = PBXSourcesBuildPhase;
			buildActionMask = 2147483647;
			files = (
				695AAC931A8A099D00B1D4D8 /* MenuTableViewController.m in Sources */,
				695AAC661A8A07E300B1D4D8 /* ViewController.m in Sources */,
				695AAC631A8A07E300B1D4D8 /* AppDelegate.m in Sources */,
				695AAC8D1A8A092800B1D4D8 /* ServicePolicyViewController.m in Sources */,
				695AAC901A8A093100B1D4D8 /* CatagoryViewController.m in Sources */,
				695AAC601A8A07E300B1D4D8 /* main.m in Sources */,
				695AAC871A8A080100B1D4D8 /* SWRevealViewController.m in Sources */,
				695AAC8A1A8A091900B1D4D8 /* LoginViewController.m in Sources */,
			);
			runOnlyForDeploymentPostprocessing = 0;
		};
		695AAC6F1A8A07E300B1D4D8 /* Sources */ = {
			isa = PBXSourcesBuildPhase;
			buildActionMask = 2147483647;
			files = (
				695AAC7A1A8A07E300B1D4D8 /* AIMSTARTests.m in Sources */,
			);
			runOnlyForDeploymentPostprocessing = 0;
		};
/* End PBXSourcesBuildPhase section */

/* Begin PBXTargetDependency section */
		695AAC751A8A07E300B1D4D8 /* PBXTargetDependency */ = {
			isa = PBXTargetDependency;
			target = 695AAC591A8A07E300B1D4D8 /* AIMSTAR */;
			targetProxy = 695AAC741A8A07E300B1D4D8 /* PBXContainerItemProxy */;
		};
/* End PBXTargetDependency section */

/* Begin PBXVariantGroup section */
		695AAC671A8A07E300B1D4D8 /* Main.storyboard */ = {
			isa = PBXVariantGroup;
			children = (
				695AAC681A8A07E300B1D4D8 /* Base */,
			);
			name = Main.storyboard;
			sourceTree = "<group>";
		};
		695AAC6C1A8A07E300B1D4D8 /* LaunchScreen.xib */ = {
			isa = PBXVariantGroup;
			children = (
				695AAC6D1A8A07E300B1D4D8 /* Base */,
			);
			name = LaunchScreen.xib;
			sourceTree = "<group>";
		};
/* End PBXVariantGroup section */

/* Begin XCBuildConfiguration section */
		695AAC7B1A8A07E300B1D4D8 /* Debug */ = {
			isa = XCBuildConfiguration;
			buildSettings = {
				ALWAYS_SEARCH_USER_PATHS = NO;
				CLANG_CXX_LANGUAGE_STANDARD = "gnu++0x";
				CLANG_CXX_LIBRARY = "libc++";
				CLANG_ENABLE_MODULES = YES;
				CLANG_ENABLE_OBJC_ARC = YES;
				CLANG_WARN_BOOL_CONVERSION = YES;
				CLANG_WARN_CONSTANT_CONVERSION = YES;
				CLANG_WARN_DIRECT_OBJC_ISA_USAGE = YES_ERROR;
				CLANG_WARN_EMPTY_BODY = YES;
				CLANG_WARN_ENUM_CONVERSION = YES;
				CLANG_WARN_INT_CONVERSION = YES;
				CLANG_WARN_OBJC_ROOT_CLASS = YES_ERROR;
				CLANG_WARN_UNREACHABLE_CODE = YES;
				CLANG_WARN__DUPLICATE_METHOD_MATCH = YES;
				"CODE_SIGN_IDENTITY[sdk=iphoneos*]" = "iPhone Developer";
				COPY_PHASE_STRIP = NO;
				ENABLE_STRICT_OBJC_MSGSEND = YES;
				GCC_C_LANGUAGE_STANDARD = gnu99;
				GCC_DYNAMIC_NO_PIC = NO;
				GCC_OPTIMIZATION_LEVEL = 0;
				GCC_PREPROCESSOR_DEFINITIONS = (
					"DEBUG=1",
					"$(inherited)",
				);
				GCC_SYMBOLS_PRIVATE_EXTERN = NO;
				GCC_WARN_64_TO_32_BIT_CONVERSION = YES;
				GCC_WARN_ABOUT_RETURN_TYPE = YES_ERROR;
				GCC_WARN_UNDECLARED_SELECTOR = YES;
				GCC_WARN_UNINITIALIZED_AUTOS = YES_AGGRESSIVE;
				GCC_WARN_UNUSED_FUNCTION = YES;
				GCC_WARN_UNUSED_VARIABLE = YES;
				IPHONEOS_DEPLOYMENT_TARGET = 8.1;
				MTL_ENABLE_DEBUG_INFO = YES;
				ONLY_ACTIVE_ARCH = YES;
				SDKROOT = iphoneos;
				TARGETED_DEVICE_FAMILY = "1,2";
			};
			name = Debug;
		};
		695AAC7C1A8A07E300B1D4D8 /* Release */ = {
			isa = XCBuildConfiguration;
			buildSettings = {
				ALWAYS_SEARCH_USER_PATHS = NO;
				CLANG_CXX_LANGUAGE_STANDARD = "gnu++0x";
				CLANG_CXX_LIBRARY = "libc++";
				CLANG_ENABLE_MODULES = YES;
				CLANG_ENABLE_OBJC_ARC = YES;
				CLANG_WARN_BOOL_CONVERSION = YES;
				CLANG_WARN_CONSTANT_CONVERSION = YES;
				CLANG_WARN_DIRECT_OBJC_ISA_USAGE = YES_ERROR;
				CLANG_WARN_EMPTY_BODY = YES;
				CLANG_WARN_ENUM_CONVERSION = YES;
				CLANG_WARN_INT_CONVERSION = YES;
				CLANG_WARN_OBJC_ROOT_CLASS = YES_ERROR;
				CLANG_WARN_UNREACHABLE_CODE = YES;
				CLANG_WARN__DUPLICATE_METHOD_MATCH = YES;
				"CODE_SIGN_IDENTITY[sdk=iphoneos*]" = "iPhone Developer";
				COPY_PHASE_STRIP = YES;
				ENABLE_NS_ASSERTIONS = NO;
				ENABLE_STRICT_OBJC_MSGSEND = YES;
				GCC_C_LANGUAGE_STANDARD = gnu99;
				GCC_WARN_64_TO_32_BIT_CONVERSION = YES;
				GCC_WARN_ABOUT_RETURN_TYPE = YES_ERROR;
				GCC_WARN_UNDECLARED_SELECTOR = YES;
				GCC_WARN_UNINITIALIZED_AUTOS = YES_AGGRESSIVE;
				GCC_WARN_UNUSED_FUNCTION = YES;
				GCC_WARN_UNUSED_VARIABLE = YES;
				IPHONEOS_DEPLOYMENT_TARGET = 8.1;
				MTL_ENABLE_DEBUG_INFO = NO;
				SDKROOT = iphoneos;
				TARGETED_DEVICE_FAMILY = "1,2";
				VALIDATE_PRODUCT = YES;
			};
			name = Release;
		};
		695AAC7E1A8A07E300B1D4D8 /* Debug */ = {
			isa = XCBuildConfiguration;
			buildSettings = {
				ASSETCATALOG_COMPILER_APPICON_NAME = AppIcon;
				INFOPLIST_FILE = AIMSTAR/Info.plist;
				LD_RUNPATH_SEARCH_PATHS = "$(inherited) @executable_path/Frameworks";
				PRODUCT_NAME = "$(TARGET_NAME)";
			};
			name = Debug;
		};
		695AAC7F1A8A07E300B1D4D8 /* Release */ = {
			isa = XCBuildConfiguration;
			buildSettings = {
				ASSETCATALOG_COMPILER_APPICON_NAME = AppIcon;
				INFOPLIST_FILE = AIMSTAR/Info.plist;
				LD_RUNPATH_SEARCH_PATHS = "$(inherited) @executable_path/Frameworks";
				PRODUCT_NAME = "$(TARGET_NAME)";
			};
			name = Release;
		};
		695AAC811A8A07E300B1D4D8 /* Debug */ = {
			isa = XCBuildConfiguration;
			buildSettings = {
				BUNDLE_LOADER = "$(TEST_HOST)";
				FRAMEWORK_SEARCH_PATHS = (
					"$(SDKROOT)/Developer/Library/Frameworks",
					"$(inherited)",
				);
				GCC_PREPROCESSOR_DEFINITIONS = (
					"DEBUG=1",
					"$(inherited)",
				);
				INFOPLIST_FILE = AIMSTARTests/Info.plist;
				LD_RUNPATH_SEARCH_PATHS = "$(inherited) @executable_path/Frameworks @loader_path/Frameworks";
				PRODUCT_NAME = "$(TARGET_NAME)";
				TEST_HOST = "$(BUILT_PRODUCTS_DIR)/AIMSTAR.app/AIMSTAR";
			};
			name = Debug;
		};
		695AAC821A8A07E300B1D4D8 /* Release */ = {
			isa = XCBuildConfiguration;
			buildSettings = {
				BUNDLE_LOADER = "$(TEST_HOST)";
				FRAMEWORK_SEARCH_PATHS = (
					"$(SDKROOT)/Developer/Library/Frameworks",
					"$(inherited)",
				);
				INFOPLIST_FILE = AIMSTARTests/Info.plist;
				LD_RUNPATH_SEARCH_PATHS = "$(inherited) @executable_path/Frameworks @loader_path/Frameworks";
				PRODUCT_NAME = "$(TARGET_NAME)";
				TEST_HOST = "$(BUILT_PRODUCTS_DIR)/AIMSTAR.app/AIMSTAR";
			};
			name = Release;
		};
/* End XCBuildConfiguration section */

/* Begin XCConfigurationList section */
		695AAC551A8A07E300B1D4D8 /* Build configuration list for PBXProject "AIMSTAR" */ = {
			isa = XCConfigurationList;
			buildConfigurations = (
				695AAC7B1A8A07E300B1D4D8 /* Debug */,
				695AAC7C1A8A07E300B1D4D8 /* Release */,
			);
			defaultConfigurationIsVisible = 0;
			defaultConfigurationName = Release;
		};
		695AAC7D1A8A07E300B1D4D8 /* Build configuration list for PBXNativeTarget "AIMSTAR" */ = {
			isa = XCConfigurationList;
			buildConfigurations = (
				695AAC7E1A8A07E300B1D4D8 /* Debug */,
				695AAC7F1A8A07E300B1D4D8 /* Release */,
			);
			defaultConfigurationIsVisible = 0;
		};
		695AAC801A8A07E300B1D4D8 /* Build configuration list for PBXNativeTarget "AIMSTARTests" */ = {
			isa = XCConfigurationList;
			buildConfigurations = (
				695AAC811A8A07E300B1D4D8 /* Debug */,
				695AAC821A8A07E300B1D4D8 /* Release */,
			);
			defaultConfigurationIsVisible = 0;
		};
/* End XCConfigurationList section */
	};
	rootObject = 695AAC521A8A07E300B1D4D8 /* Project object */;
}
